
Microsoft Visual Studio Solution File, Format Version 12.00
# Visual Studio Version 16
VisualStudioVersion = 16.0.29905.134
MinimumVisualStudioVersion = 10.0.40219.1
Project("{FAE04EC0-301F-11D3-BF4B-00C04F79EFBC}") = "MySQL_productenDB", "MySQL_productenDB\MySQL_productenDB.csproj", "{BCBBD7F6-0168-4A74-98D4-212F421FAB2B}"
EndProject
Global
	GlobalSection(SolutionConfigurationPlatforms) = preSolution
		Debug|Any CPU = Debug|Any CPU
		Release|Any CPU = Release|Any CPU
	EndGlobalSection
	GlobalSection(ProjectConfigurationPlatforms) = postSolution
		{BCBBD7F6-0168-4A74-98D4-212F421FAB2B}.Debug|Any CPU.ActiveCfg = Debug|Any CPU
		{BCBBD7F6-0168-4A74-98D4-212F421FAB2B}.Debug|Any CPU.Build.0 = Debug|Any CPU
		{BCBBD7F6-0168-4A74-98D4-212F421FAB2B}.Release|Any CPU.ActiveCfg = Release|Any CPU
		{BCBBD7F6-0168-4A74-98D4-212F421FAB2B}.Release|Any CPU.Build.0 = Release|Any CPU
	EndGlobalSection
	GlobalSection(SolutionProperties) = preSolution
		HideSolutionNode = FALSE
	EndGlobalSection
	GlobalSection(ExtensibilityGlobals) = postSolution
		SolutionGuid = {D2A9313C-3F06-49A0-A2EB-7D14E54E197A}
	EndGlobalSection
EndGlobal
